
Microsoft Visual Studio Solution File, Format Version 12.00
# Visual Studio Version 17
VisualStudioVersion = 17.14.37516.0
MinimumVisualStudioVersion = 10.0.40219.1
Project("{8BC9CEB8-8B4A-11D0-8D11-00A0C91BC942}") = "ParanoiaEngine", "ParanoiaEngine\ParanoiaEngine.vcxproj", "{01EC6556-C979-425A-8403-280997BDA2E4}"
EndProject
Project("{2150E333-8FDC-42A3-9474-1A3956D46DE8}") = "Элементы решения", "Элементы решения", "{754FC069-D67B-A9D7-50A1-8D1CA196D8F1}"
EndProject
Global
	GlobalSection(SolutionConfigurationPlatforms) = preSolution
		Debug|x64 = Debug|x64
		Debug|x86 = Debug|x86
		Release|x64 = Release|x64
		Release|x86 = Release|x86
	EndGlobalSection
	GlobalSection(ProjectConfigurationPlatforms) = postSolution
		{01EC6556-C979-425A-8403-280997BDA2E4}.Debug|x64.ActiveCfg = Debug|x64
		{01EC6556-C979-425A-8403-280997BDA2E4}.Debug|x64.Build.0 = Debug|x64
		{01EC6556-C979-425A-8403-280997BDA2E4}.Debug|x86.ActiveCfg = Debug|Win32
		{01EC6556-C979-425A-8403-280997BDA2E4}.Debug|x86.Build.0 = Debug|Win32
		{01EC6556-C979-425A-8403-280997BDA2E4}.Release|x64.ActiveCfg = Release|x64
		{01EC6556-C979-425A-8403-280997BDA2E4}.Release|x64.Build.0 = Release|x64
		{01EC6556-C979-425A-8403-280997BDA2E4}.Release|x86.ActiveCfg = Release|Win32
		{01EC6556-C979-425A-8403-280997BDA2E4}.Release|x86.Build.0 = Release|Win32
	EndGlobalSection
	GlobalSection(SolutionProperties) = preSolution
		HideSolutionNode = FALSE
	EndGlobalSection
	GlobalSection(ExtensibilityGlobals) = postSolution
		SolutionGuid = {9EC0D390-DC41-4C67-A2B0-97F4D7B797A2}
	EndGlobalSection
EndGlobal
